{
  "name": "map-loader",
  "version": "1.0.0",
  "lockfileVersion": 1,
  "requires": true,
  "dependencies": {
    "@googlemaps/loader": {
      "version": "0.0.7",
      "resolved": "https://registry.npmjs.org/@googlemaps/loader/-/loader-0.0.7.tgz",
      "integrity": "sha512-b0vMcfjZZvLPVuRmbrPRWL77rK+JOcAHrF2IWwZvW7WPGvA3FmflGspFNwNfizKldSOa5Y2IygEh9oC1PIM0AQ=="
    },
    "@types/googlemaps": {
      "version": "3.39.3",
      "resolved": "https://registry.npmjs.org/@types/googlemaps/-/googlemaps-3.39.3.tgz",
      "integrity": "sha512-L8O9HAVFZj0TuiS8h5ORthiMsrrhjxTC8XUusp5k47oXCst4VTm+qWKvrAvmYMybZVokbp4Udco1mNwJrTNZPQ=="
    }
  }
}
